
Microsoft Visual Studio Solution File, Format Version 12.00
# Visual Studio Version 17
VisualStudioVersion = 17.2.32616.157
MinimumVisualStudioVersion = 10.0.40219.1
Project("{FAE04EC0-301F-11D3-BF4B-00C04F79EFBC}") = "Factory Pattern", "Factory Pattern\Factory Pattern.csproj", "{A957359A-B2BE-49BA-B2A1-F146862EBCCA}"
EndProject
Project("{2150E333-8FDC-42A3-9474-1A3956D46DE8}") = "Solution Items", "Solution Items", "{B6AFE547-B79A-4BBD-B85D-C9CB082A1F97}"
	ProjectSection(SolutionItems) = preProject
		.editorconfig = .editorconfig
	EndProjectSection
EndProject
Global
	GlobalSection(SolutionConfigurationPlatforms) = preSolution
		Debug|Any CPU = Debug|Any CPU
		Release|Any CPU = Release|Any CPU
	EndGlobalSection
	GlobalSection(ProjectConfigurationPlatforms) = postSolution
		{A957359A-B2BE-49BA-B2A1-F146862EBCCA}.Debug|Any CPU.ActiveCfg = Debug|Any CPU
		{A957359A-B2BE-49BA-B2A1-F146862EBCCA}.Debug|Any CPU.Build.0 = Debug|Any CPU
		{A957359A-B2BE-49BA-B2A1-F146862EBCCA}.Release|Any CPU.ActiveCfg = Release|Any CPU
		{A957359A-B2BE-49BA-B2A1-F146862EBCCA}.Release|Any CPU.Build.0 = Release|Any CPU
	EndGlobalSection
	GlobalSection(SolutionProperties) = preSolution
		HideSolutionNode = FALSE
	EndGlobalSection
	GlobalSection(ExtensibilityGlobals) = postSolution
		SolutionGuid = {05B0AE15-A630-4E47-BCBF-094ED47CABDF}
	EndGlobalSection
EndGlobal
